{
  "name": "clawser-browser-control",
  "lockfileVersion": 3,
  "requires": true,
  "packages": {
    "": {
      "name": "clawser-browser-control",
      "devDependencies": {
        "browsermesh-pod": "^0.1.0",
        "browsermesh-primitives": "^0.1.0"
      }
    },
    "node_modules/browsermesh-pod": {
      "version": "0.1.0",
      "resolved": "https://registry.npmjs.org/browsermesh-pod/-/browsermesh-pod-0.1.0.tgz",
      "integrity": "sha512-5UgkhgUYYz9CV/9M7gjfTMsOP0OiUdGAsTw+DZI+JGHQVs4lCTugWj/Q3eZuauwSROf5hbYA5Diw9vBcT9E40Q==",
      "dev": true,
      "license": "MIT",
      "peerDependencies": {
        "browsermesh-primitives": ">=0.1.0"
      }
    },
    "node_modules/browsermesh-primitives": {
      "version": "0.1.0",
      "resolved": "https://registry.npmjs.org/browsermesh-primitives/-/browsermesh-primitives-0.1.0.tgz",
      "integrity": "sha512-MxcTq4BFOSt22OMa5GE2AjKYyjfOsbhBOv/CtajT7zW2pb7FWjt7+f9TBhxZ3HaiLKXBAlnHjierpPZEH+enuw==",
      "dev": true,
      "license": "MIT"
    }
  }
}
